
Microsoft Visual Studio Solution File, Format Version 12.00
# Visual Studio Version 17
VisualStudioVersion = 17.9.34616.47
MinimumVisualStudioVersion = 10.0.40219.1
Project("{FAE04EC0-301F-11D3-BF4B-00C04F79EFBC}") = "Hackathon2025", "Hackathon2025.csproj", "{569DB96B-C94D-437F-8C09-E1138F55E2B3}"
EndProject
Global
	GlobalSection(SolutionConfigurationPlatforms) = preSolution
		Debug|Any CPU = Debug|Any CPU
		Release|Any CPU = Release|Any CPU
	EndGlobalSection
	GlobalSection(ProjectConfigurationPlatforms) = postSolution
		{569DB96B-C94D-437F-8C09-E1138F55E2B3}.Debug|Any CPU.ActiveCfg = Debug|Any CPU
		{569DB96B-C94D-437F-8C09-E1138F55E2B3}.Debug|Any CPU.Build.0 = Debug|Any CPU
		{569DB96B-C94D-437F-8C09-E1138F55E2B3}.Release|Any CPU.ActiveCfg = Release|Any CPU
		{569DB96B-C94D-437F-8C09-E1138F55E2B3}.Release|Any CPU.Build.0 = Release|Any CPU
	EndGlobalSection
	GlobalSection(SolutionProperties) = preSolution
		HideSolutionNode = FALSE
	EndGlobalSection
	GlobalSection(ExtensibilityGlobals) = postSolution
		SolutionGuid = {58F9881B-7242-4F45-915E-01A123587DF6}
	EndGlobalSection
EndGlobal
