
Microsoft Visual Studio Solution File, Format Version 12.00
# Visual Studio Version 17
VisualStudioVersion = 17.11.35327.3
MinimumVisualStudioVersion = 10.0.40219.1
Project("{FAE04EC0-301F-11D3-BF4B-00C04F79EFBC}") = "PizzaEnergyCoders", "PizzaEnergyCoders.csproj", "{B9C26799-78C1-4C6A-81A9-821AC40BC98D}"
EndProject
Global
	GlobalSection(SolutionConfigurationPlatforms) = preSolution
		Debug|Any CPU = Debug|Any CPU
		Release|Any CPU = Release|Any CPU
	EndGlobalSection
	GlobalSection(ProjectConfigurationPlatforms) = postSolution
		{B9C26799-78C1-4C6A-81A9-821AC40BC98D}.Debug|Any CPU.ActiveCfg = Debug|Any CPU
		{B9C26799-78C1-4C6A-81A9-821AC40BC98D}.Debug|Any CPU.Build.0 = Debug|Any CPU
		{B9C26799-78C1-4C6A-81A9-821AC40BC98D}.Release|Any CPU.ActiveCfg = Release|Any CPU
		{B9C26799-78C1-4C6A-81A9-821AC40BC98D}.Release|Any CPU.Build.0 = Release|Any CPU
	EndGlobalSection
	GlobalSection(SolutionProperties) = preSolution
		HideSolutionNode = FALSE
	EndGlobalSection
	GlobalSection(ExtensibilityGlobals) = postSolution
		SolutionGuid = {0F9388D3-EB6F-422E-8E70-FA39DA12DDD7}
	EndGlobalSection
EndGlobal
